
Microsoft Visual Studio Solution File, Format Version 12.00
# Visual Studio Version 17
VisualStudioVersion = 17.1.32228.430
MinimumVisualStudioVersion = 10.0.40219.1
Project("{FAE04EC0-301F-11D3-BF4B-00C04F79EFBC}") = "Leson 15 Homework", "Leson 15 Homework\Leson 15 Homework.csproj", "{433B3420-13FA-424B-ADE8-88C59504ACEA}"
EndProject
Project("{FAE04EC0-301F-11D3-BF4B-00C04F79EFBC}") = "MyLib", "MyLib\MyLib.csproj", "{B89D374C-9D42-46EA-82ED-1E9B8EBFA9A7}"
EndProject
Global
	GlobalSection(SolutionConfigurationPlatforms) = preSolution
		Debug|Any CPU = Debug|Any CPU
		Release|Any CPU = Release|Any CPU
	EndGlobalSection
	GlobalSection(ProjectConfigurationPlatforms) = postSolution
		{433B3420-13FA-424B-ADE8-88C59504ACEA}.Debug|Any CPU.ActiveCfg = Debug|Any CPU
		{433B3420-13FA-424B-ADE8-88C59504ACEA}.Debug|Any CPU.Build.0 = Debug|Any CPU
		{433B3420-13FA-424B-ADE8-88C59504ACEA}.Release|Any CPU.ActiveCfg = Release|Any CPU
		{433B3420-13FA-424B-ADE8-88C59504ACEA}.Release|Any CPU.Build.0 = Release|Any CPU
		{B89D374C-9D42-46EA-82ED-1E9B8EBFA9A7}.Debug|Any CPU.ActiveCfg = Debug|Any CPU
		{B89D374C-9D42-46EA-82ED-1E9B8EBFA9A7}.Debug|Any CPU.Build.0 = Debug|Any CPU
		{B89D374C-9D42-46EA-82ED-1E9B8EBFA9A7}.Release|Any CPU.ActiveCfg = Release|Any CPU
		{B89D374C-9D42-46EA-82ED-1E9B8EBFA9A7}.Release|Any CPU.Build.0 = Release|Any CPU
	EndGlobalSection
	GlobalSection(SolutionProperties) = preSolution
		HideSolutionNode = FALSE
	EndGlobalSection
	GlobalSection(ExtensibilityGlobals) = postSolution
		SolutionGuid = {8CC8AD12-0D82-45A6-9AAB-FA8DE39069C8}
	EndGlobalSection
EndGlobal
